
Microsoft Visual Studio Solution File, Format Version 12.00
Project("{FAE04EC0-301F-11D3-BF4B-00C04F79EFBC}") = "SimplestUnityDI", "SimplestUnityDI\SimplestUnityDI.csproj", "{89E5CB70-810F-4E3C-8770-03437B14A906}"
EndProject
Project("{FAE04EC0-301F-11D3-BF4B-00C04F79EFBC}") = "Tests", "Tests\Tests.csproj", "{B184491B-1970-45D2-A5CD-B5D2F0553D32}"
EndProject
Global
	GlobalSection(SolutionConfigurationPlatforms) = preSolution
		Debug|Any CPU = Debug|Any CPU
		Release|Any CPU = Release|Any CPU
	EndGlobalSection
	GlobalSection(ProjectConfigurationPlatforms) = postSolution
		{89E5CB70-810F-4E3C-8770-03437B14A906}.Debug|Any CPU.ActiveCfg = Debug|Any CPU
		{89E5CB70-810F-4E3C-8770-03437B14A906}.Debug|Any CPU.Build.0 = Debug|Any CPU
		{89E5CB70-810F-4E3C-8770-03437B14A906}.Release|Any CPU.ActiveCfg = Release|Any CPU
		{89E5CB70-810F-4E3C-8770-03437B14A906}.Release|Any CPU.Build.0 = Release|Any CPU
		{B184491B-1970-45D2-A5CD-B5D2F0553D32}.Debug|Any CPU.ActiveCfg = Debug|Any CPU
		{B184491B-1970-45D2-A5CD-B5D2F0553D32}.Debug|Any CPU.Build.0 = Debug|Any CPU
		{B184491B-1970-45D2-A5CD-B5D2F0553D32}.Release|Any CPU.ActiveCfg = Release|Any CPU
		{B184491B-1970-45D2-A5CD-B5D2F0553D32}.Release|Any CPU.Build.0 = Release|Any CPU
	EndGlobalSection
EndGlobal
